
Microsoft Visual Studio Solution File, Format Version 12.00
# Visual Studio 15
VisualStudioVersion = 15.0.28307.271
MinimumVisualStudioVersion = 10.0.40219.1
Project("{9A19103F-16F7-4668-BE54-9A1E7A4F7556}") = "QuickstartIdentityServer", "QuickstartIdentityServer\QuickstartIdentityServer.csproj", "{8F125344-2C19-4BA6-BDD0-2A6391E9770A}"
EndProject
Project("{9A19103F-16F7-4668-BE54-9A1E7A4F7556}") = "Api", "Api\Api.csproj", "{5D2BA125-1FA9-43A9-9C58-F3D33F95100B}"
EndProject
Project("{9A19103F-16F7-4668-BE54-9A1E7A4F7556}") = "Client", "Client\Client.csproj", "{92B5C67F-929D-4D60-ADE1-4F47BF500245}"
EndProject
Project("{9A19103F-16F7-4668-BE54-9A1E7A4F7556}") = "MVCClient", "MVCClient\MVCClient.csproj", "{0AD9DFE6-5337-465D-B83E-8EE28526BF6D}"
EndProject
Project("{9A19103F-16F7-4668-BE54-9A1E7A4F7556}") = "IdentityServerAspNetIdentity", "IdentityServerAspNetIdentity\IdentityServerAspNetIdentity.csproj", "{F6EAAA3E-5F2E-46C4-BEA5-119DFDDFCDEF}"
EndProject
Project("{9A19103F-16F7-4668-BE54-9A1E7A4F7556}") = "JavaScriptClient", "JavaScriptClient\JavaScriptClient.csproj", "{65F130DB-9B06-4523-A5E4-2458E982A0FC}"
EndProject
Project("{FAE04EC0-301F-11D3-BF4B-00C04F79EFBC}") = "Microsoft.AspNetCore.Authentication.QQConnect", "Microsoft.AspNetCore.Authentication.QQConnect\Microsoft.AspNetCore.Authentication.QQConnect.csproj", "{0BD00741-ABAD-4BA4-BCB7-38E29DE4B473}"
EndProject
Global
	GlobalSection(SolutionConfigurationPlatforms) = preSolution
		Debug|Any CPU = Debug|Any CPU
		Release|Any CPU = Release|Any CPU
	EndGlobalSection
	GlobalSection(ProjectConfigurationPlatforms) = postSolution
		{8F125344-2C19-4BA6-BDD0-2A6391E9770A}.Debug|Any CPU.ActiveCfg = Debug|Any CPU
		{8F125344-2C19-4BA6-BDD0-2A6391E9770A}.Debug|Any CPU.Build.0 = Debug|Any CPU
		{8F125344-2C19-4BA6-BDD0-2A6391E9770A}.Release|Any CPU.ActiveCfg = Release|Any CPU
		{8F125344-2C19-4BA6-BDD0-2A6391E9770A}.Release|Any CPU.Build.0 = Release|Any CPU
		{5D2BA125-1FA9-43A9-9C58-F3D33F95100B}.Debug|Any CPU.ActiveCfg = Debug|Any CPU
		{5D2BA125-1FA9-43A9-9C58-F3D33F95100B}.Debug|Any CPU.Build.0 = Debug|Any CPU
		{5D2BA125-1FA9-43A9-9C58-F3D33F95100B}.Release|Any CPU.ActiveCfg = Release|Any CPU
		{5D2BA125-1FA9-43A9-9C58-F3D33F95100B}.Release|Any CPU.Build.0 = Release|Any CPU
		{92B5C67F-929D-4D60-ADE1-4F47BF500245}.Debug|Any CPU.ActiveCfg = Debug|Any CPU
		{92B5C67F-929D-4D60-ADE1-4F47BF500245}.Debug|Any CPU.Build.0 = Debug|Any CPU
		{92B5C67F-929D-4D60-ADE1-4F47BF500245}.Release|Any CPU.ActiveCfg = Release|Any CPU
		{92B5C67F-929D-4D60-ADE1-4F47BF500245}.Release|Any CPU.Build.0 = Release|Any CPU
		{0AD9DFE6-5337-465D-B83E-8EE28526BF6D}.Debug|Any CPU.ActiveCfg = Debug|Any CPU
		{0AD9DFE6-5337-465D-B83E-8EE28526BF6D}.Debug|Any CPU.Build.0 = Debug|Any CPU
		{0AD9DFE6-5337-465D-B83E-8EE28526BF6D}.Release|Any CPU.ActiveCfg = Release|Any CPU
		{0AD9DFE6-5337-465D-B83E-8EE28526BF6D}.Release|Any CPU.Build.0 = Release|Any CPU
		{F6EAAA3E-5F2E-46C4-BEA5-119DFDDFCDEF}.Debug|Any CPU.ActiveCfg = Debug|Any CPU
		{F6EAAA3E-5F2E-46C4-BEA5-119DFDDFCDEF}.Debug|Any CPU.Build.0 = Debug|Any CPU
		{F6EAAA3E-5F2E-46C4-BEA5-119DFDDFCDEF}.Release|Any CPU.ActiveCfg = Release|Any CPU
		{F6EAAA3E-5F2E-46C4-BEA5-119DFDDFCDEF}.Release|Any CPU.Build.0 = Release|Any CPU
		{65F130DB-9B06-4523-A5E4-2458E982A0FC}.Debug|Any CPU.ActiveCfg = Debug|Any CPU
		{65F130DB-9B06-4523-A5E4-2458E982A0FC}.Debug|Any CPU.Build.0 = Debug|Any CPU
		{65F130DB-9B06-4523-A5E4-2458E982A0FC}.Release|Any CPU.ActiveCfg = Release|Any CPU
		{65F130DB-9B06-4523-A5E4-2458E982A0FC}.Release|Any CPU.Build.0 = Release|Any CPU
		{0BD00741-ABAD-4BA4-BCB7-38E29DE4B473}.Debug|Any CPU.ActiveCfg = Debug|Any CPU
		{0BD00741-ABAD-4BA4-BCB7-38E29DE4B473}.Debug|Any CPU.Build.0 = Debug|Any CPU
		{0BD00741-ABAD-4BA4-BCB7-38E29DE4B473}.Release|Any CPU.ActiveCfg = Release|Any CPU
		{0BD00741-ABAD-4BA4-BCB7-38E29DE4B473}.Release|Any CPU.Build.0 = Release|Any CPU
	EndGlobalSection
	GlobalSection(SolutionProperties) = preSolution
		HideSolutionNode = FALSE
	EndGlobalSection
	GlobalSection(ExtensibilityGlobals) = postSolution
		SolutionGuid = {F0C704AD-EF17-4C53-B351-D389332F4947}
	EndGlobalSection
EndGlobal
